<?xml version="1.0" encoding="UTF-8"?>
<!DOCTYPE plist PUBLIC "-//Apple//DTD PLIST 1.0//EN" "http://www.apple.com/DTDs/PropertyList-1.0.dtd">
<plist version="1.0">
<dict>
	<key>archiveVersion</key>
	<string>1</string>
	<key>classes</key>
	<dict/>
	<key>objectVersion</key>
	<string>46</string>
	<key>objects</key>
	<dict>
		<key>4507BBA49DBCC3B8AA4401DF</key>
		<dict>
			<key>buildActionMask</key>
			<string>2147483647</string>
			<key>files</key>
			<array/>
			<key>inputPaths</key>
			<array/>
			<key>isa</key>
			<string>PBXShellScriptBuildPhase</string>
			<key>name</key>
			<string>Embed Pods Frameworks</string>
			<key>outputPaths</key>
			<array/>
			<key>runOnlyForDeploymentPostprocessing</key>
			<string>0</string>
			<key>shellPath</key>
			<string>/bin/sh</string>
			<key>shellScript</key>
			<string>"${SRCROOT}/Pods/Target Support Files/Pods/Pods-frameworks.sh"
</string>
			<key>showEnvVarsInLog</key>
			<string>0</string>
		</dict>
		<key>4D143C8C2FD093EB40FF5308</key>
		<dict>
			<key>children</key>
			<array>
				<string>CA475218073B3A83FA5CCFD4</string>
				<string>75C02D5B50C4405F868BE4AA</string>
			</array>
			<key>isa</key>
			<string>PBXGroup</string>
			<key>name</key>
			<string>Pods</string>
			<key>sourceTree</key>
			<string>&lt;group&gt;</string>
		</dict>
		<key>75C02D5B50C4405F868BE4AA</key>
		<dict>
			<key>includeInIndex</key>
			<string>1</string>
			<key>isa</key>
			<string>PBXFileReference</string>
			<key>lastKnownFileType</key>
			<string>text.xcconfig</string>
			<key>name</key>
			<string>Pods.release.xcconfig</string>
			<key>path</key>
			<string>Pods/Target Support Files/Pods/Pods.release.xcconfig</string>
			<key>sourceTree</key>
			<string>&lt;group&gt;</string>
		</dict>
		<key>76CA1C45A7E97CB75ED5573B</key>
		<dict>
			<key>explicitFileType</key>
			<string>wrapper.framework</string>
			<key>includeInIndex</key>
			<string>0</string>
			<key>isa</key>
			<string>PBXFileReference</string>
			<key>path</key>
			<string>Pods.framework</string>
			<key>sourceTree</key>
			<string>BUILT_PRODUCTS_DIR</string>
		</dict>
		<key>7C7BABFF11BEBB660A5F2A60</key>
		<dict>
			<key>fileRef</key>
			<string>76CA1C45A7E97CB75ED5573B</string>
			<key>isa</key>
			<string>PBXBuildFile</string>
		</dict>
		<key>A306D8F89ADE2712B4290DA0</key>
		<dict>
			<key>buildActionMask</key>
			<string>2147483647</string>
			<key>files</key>
			<array/>
			<key>inputPaths</key>
			<array/>
			<key>isa</key>
			<string>PBXShellScriptBuildPhase</string>
			<key>name</key>
			<string>Check Pods Manifest.lock</string>
			<key>outputPaths</key>
			<array/>
			<key>runOnlyForDeploymentPostprocessing</key>
			<string>0</string>
			<key>shellPath</key>
			<string>/bin/sh</string>
			<key>shellScript</key>
			<string>diff "${PODS_ROOT}/../Podfile.lock" "${PODS_ROOT}/Manifest.lock" &gt; /dev/null
if [[ $? != 0 ]] ; then
    cat &lt;&lt; EOM
error: The sandbox is not in sync with the Podfile.lock. Run 'pod install' or update your CocoaPods installation.
EOM
    exit 1
fi
</string>
			<key>showEnvVarsInLog</key>
			<string>0</string>
		</dict>
		<key>CA2F42CC5642DBF364FBE479</key>
		<dict>
			<key>buildActionMask</key>
			<string>2147483647</string>
			<key>files</key>
			<array/>
			<key>inputPaths</key>
			<array/>
			<key>isa</key>
			<string>PBXShellScriptBuildPhase</string>
			<key>name</key>
			<string>Copy Pods Resources</string>
			<key>outputPaths</key>
			<array/>
			<key>runOnlyForDeploymentPostprocessing</key>
			<string>0</string>
			<key>shellPath</key>
			<string>/bin/sh</string>
			<key>shellScript</key>
			<string>"${SRCROOT}/Pods/Target Support Files/Pods/Pods-resources.sh"
</string>
			<key>showEnvVarsInLog</key>
			<string>0</string>
		</dict>
		<key>CA475218073B3A83FA5CCFD4</key>
		<dict>
			<key>includeInIndex</key>
			<string>1</string>
			<key>isa</key>
			<string>PBXFileReference</string>
			<key>lastKnownFileType</key>
			<string>text.xcconfig</string>
			<key>name</key>
			<string>Pods.debug.xcconfig</string>
			<key>path</key>
			<string>Pods/Target Support Files/Pods/Pods.debug.xcconfig</string>
			<key>sourceTree</key>
			<string>&lt;group&gt;</string>
		</dict>
		<key>F401444C1C123BFC000AA6DD</key>
		<dict>
			<key>children</key>
			<array>
				<string>F40144531C12A3CA000AA6DD</string>
				<string>F401444D1C123C0E000AA6DD</string>
			</array>
			<key>isa</key>
			<string>PBXGroup</string>
			<key>path</key>
			<string>Notifications</string>
			<key>sourceTree</key>
			<string>&lt;group&gt;</string>
		</dict>
		<key>F401444D1C123C0E000AA6DD</key>
		<dict>
			<key>fileEncoding</key>
			<string>4</string>
			<key>isa</key>
			<string>PBXFileReference</string>
			<key>lastKnownFileType</key>
			<string>sourcecode.swift</string>
			<key>path</key>
			<string>Notifications.swift</string>
			<key>sourceTree</key>
			<string>&lt;group&gt;</string>
		</dict>
		<key>F401444E1C123C0E000AA6DD</key>
		<dict>
			<key>fileRef</key>
			<string>F401444D1C123C0E000AA6DD</string>
			<key>isa</key>
			<string>PBXBuildFile</string>
		</dict>
		<key>F401444F1C1247D5000AA6DD</key>
		<dict>
			<key>fileEncoding</key>
			<string>4</string>
			<key>isa</key>
			<string>PBXFileReference</string>
			<key>lastKnownFileType</key>
			<string>sourcecode.swift</string>
			<key>path</key>
			<string>GithubAPI.swift</string>
			<key>sourceTree</key>
			<string>&lt;group&gt;</string>
		</dict>
		<key>F40144501C1247D5000AA6DD</key>
		<dict>
			<key>fileEncoding</key>
			<string>4</string>
			<key>isa</key>
			<string>PBXFileReference</string>
			<key>lastKnownFileType</key>
			<string>sourcecode.swift</string>
			<key>path</key>
			<string>GithubAPIBackend.swift</string>
			<key>sourceTree</key>
			<string>&lt;group&gt;</string>
		</dict>
		<key>F40144511C1247D5000AA6DD</key>
		<dict>
			<key>fileRef</key>
			<string>F401444F1C1247D5000AA6DD</string>
			<key>isa</key>
			<string>PBXBuildFile</string>
		</dict>
		<key>F40144521C1247D5000AA6DD</key>
		<dict>
			<key>fileRef</key>
			<string>F40144501C1247D5000AA6DD</string>
			<key>isa</key>
			<string>PBXBuildFile</string>
		</dict>
		<key>F40144531C12A3CA000AA6DD</key>
		<dict>
			<key>fileEncoding</key>
			<string>4</string>
			<key>isa</key>
			<string>PBXFileReference</string>
			<key>lastKnownFileType</key>
			<string>sourcecode.swift</string>
			<key>path</key>
			<string>InAppNotification.swift</string>
			<key>sourceTree</key>
			<string>&lt;group&gt;</string>
		</dict>
		<key>F40144541C12A3CA000AA6DD</key>
		<dict>
			<key>fileRef</key>
			<string>F40144531C12A3CA000AA6DD</string>
			<key>isa</key>
			<string>PBXBuildFile</string>
		</dict>
		<key>F408EF701C617A1700CFF351</key>
		<dict>
			<key>children</key>
			<array>
				<string>F408EF711C617A2100CFF351</string>
			</array>
			<key>isa</key>
			<string>PBXGroup</string>
			<key>path</key>
			<string>Pusher</string>
			<key>sourceTree</key>
			<string>&lt;group&gt;</string>
		</dict>
		<key>F408EF711C617A2100CFF351</key>
		<dict>
			<key>fileEncoding</key>
			<string>4</string>
			<key>isa</key>
			<string>PBXFileReference</string>
			<key>lastKnownFileType</key>
			<string>sourcecode.swift</string>
			<key>path</key>
			<string>Pusher.swift</string>
			<key>sourceTree</key>
			<string>&lt;group&gt;</string>
		</dict>
		<key>F408EF721C617A2100CFF351</key>
		<dict>
			<key>fileRef</key>
			<string>F408EF711C617A2100CFF351</string>
			<key>isa</key>
			<string>PBXBuildFile</string>
		</dict>
		<key>F40977741C62D959003F7081</key>
		<dict>
			<key>children</key>
			<array>
				<string>F40977751C62D97E003F7081</string>
				<string>F40977761C62D97E003F7081</string>
			</array>
			<key>isa</key>
			<string>PBXGroup</string>
			<key>path</key>
			<string>FadeLabel</string>
			<key>sourceTree</key>
			<string>&lt;group&gt;</string>
		</dict>
		<key>F40977751C62D97E003F7081</key>
		<dict>
			<key>fileEncoding</key>
			<string>4</string>
			<key>isa</key>
			<string>PBXFileReference</string>
			<key>lastKnownFileType</key>
			<string>sourcecode.c.h</string>
			<key>path</key>
			<string>GTMFadeTruncatingLabel.h</string>
			<key>sourceTree</key>
			<string>&lt;group&gt;</string>
		</dict>
		<key>F40977761C62D97E003F7081</key>
		<dict>
			<key>fileEncoding</key>
			<string>4</string>
			<key>isa</key>
			<string>PBXFileReference</string>
			<key>lastKnownFileType</key>
			<string>sourcecode.c.objc</string>
			<key>path</key>
			<string>GTMFadeTruncatingLabel.m</string>
			<key>sourceTree</key>
			<string>&lt;group&gt;</string>
		</dict>
		<key>F40977771C62D97E003F7081</key>
		<dict>
			<key>fileRef</key>
			<string>F40977761C62D97E003F7081</string>
			<key>isa</key>
			<string>PBXBuildFile</string>
		</dict>
		<key>F40C94821C9A65FB003D431F</key>
		<dict>
			<key>fileEncoding</key>
			<string>4</string>
			<key>isa</key>
			<string>PBXFileReference</string>
			<key>lastKnownFileType</key>
			<string>sourcecode.swift</string>
			<key>path</key>
			<string>Secret.swift</string>
			<key>sourceTree</key>
			<string>&lt;group&gt;</string>
		</dict>
		<key>F40C94831C9A65FB003D431F</key>
		<dict>
			<key>fileRef</key>
			<string>F40C94821C9A65FB003D431F</string>
			<key>isa</key>
			<string>PBXBuildFile</string>
		</dict>
		<key>F415567E1C6D9C98008300E0</key>
		<dict>
			<key>fileEncoding</key>
			<string>4</string>
			<key>isa</key>
			<string>PBXFileReference</string>
			<key>lastKnownFileType</key>
			<string>sourcecode.swift</string>
			<key>path</key>
			<string>FavoritesCell.swift</string>
			<key>sourceTree</key>
			<string>&lt;group&gt;</string>
		</dict>
		<key>F415567F1C6D9C98008300E0</key>
		<dict>
			<key>fileRef</key>
			<string>F415567E1C6D9C98008300E0</string>
			<key>isa</key>
			<string>PBXBuildFile</string>
		</dict>
		<key>F41556801C6DAE32008300E0</key>
		<dict>
			<key>fileEncoding</key>
			<string>4</string>
			<key>isa</key>
			<string>PBXFileReference</string>
			<key>lastKnownFileType</key>
			<string>sourcecode.swift</string>
			<key>path</key>
			<string>Router.swift</string>
			<key>sourceTree</key>
			<string>&lt;group&gt;</string>
		</dict>
		<key>F41556811C6DAE32008300E0</key>
		<dict>
			<key>fileRef</key>
			<string>F41556801C6DAE32008300E0</string>
			<key>isa</key>
			<string>PBXBuildFile</string>
		</dict>
		<key>F41556821C6E929A008300E0</key>
		<dict>
			<key>children</key>
			<array>
				<string>F415567E1C6D9C98008300E0</string>
				<string>F41D830B1C6D972E0076BDBD</string>
			</array>
			<key>isa</key>
			<string>PBXGroup</string>
			<key>path</key>
			<string>Favorites</string>
			<key>sourceTree</key>
			<string>&lt;group&gt;</string>
		</dict>
		<key>F41556861C6E986A008300E0</key>
		<dict>
			<key>fileEncoding</key>
			<string>4</string>
			<key>isa</key>
			<string>PBXFileReference</string>
			<key>lastKnownFileType</key>
			<string>sourcecode.swift</string>
			<key>path</key>
			<string>Alert.swift</string>
			<key>sourceTree</key>
			<string>&lt;group&gt;</string>
		</dict>
		<key>F41556871C6E986A008300E0</key>
		<dict>
			<key>fileRef</key>
			<string>F41556861C6E986A008300E0</string>
			<key>isa</key>
			<string>PBXBuildFile</string>
		</dict>
		<key>F415568C1C6EAD35008300E0</key>
		<dict>
			<key>fileEncoding</key>
			<string>4</string>
			<key>isa</key>
			<string>PBXFileReference</string>
			<key>lastKnownFileType</key>
			<string>sourcecode.swift</string>
			<key>path</key>
			<string>PortraitViewController.swift</string>
			<key>sourceTree</key>
			<string>&lt;group&gt;</string>
		</dict>
		<key>F415568D1C6EAD35008300E0</key>
		<dict>
			<key>fileRef</key>
			<string>F415568C1C6EAD35008300E0</string>
			<key>isa</key>
			<string>PBXBuildFile</string>
		</dict>
		<key>F415568E1C6EAD79008300E0</key>
		<dict>
			<key>fileEncoding</key>
			<string>4</string>
			<key>isa</key>
			<string>PBXFileReference</string>
			<key>lastKnownFileType</key>
			<string>sourcecode.swift</string>
			<key>path</key>
			<string>PortraitTableViewController.swift</string>
			<key>sourceTree</key>
			<string>&lt;group&gt;</string>
		</dict>
		<key>F415568F1C6EAD79008300E0</key>
		<dict>
			<key>fileRef</key>
			<string>F415568E1C6EAD79008300E0</string>
			<key>isa</key>
			<string>PBXBuildFile</string>
		</dict>
		<key>F41D83051C6C4AD30076BDBD</key>
		<dict>
			<key>fileEncoding</key>
			<string>4</string>
			<key>isa</key>
			<string>PBXFileReference</string>
			<key>lastKnownFileType</key>
			<string>sourcecode.swift</string>
			<key>path</key>
			<string>Favorites.swift</string>
			<key>sourceTree</key>
			<string>&lt;group&gt;</string>
		</dict>
		<key>F41D83061C6C4AD30076BDBD</key>
		<dict>
			<key>fileRef</key>
			<string>F41D83051C6C4AD30076BDBD</string>
			<key>isa</key>
			<string>PBXBuildFile</string>
		</dict>
		<key>F41D83071C6D35390076BDBD</key>
		<dict>
			<key>children</key>
			<array>
				<string>F43533CD1C11343D00CE3EB7</string>
				<string>F4EA57971C5C399F004E92C3</string>
				<string>F415568E1C6EAD79008300E0</string>
				<string>F415568C1C6EAD35008300E0</string>
			</array>
			<key>isa</key>
			<string>PBXGroup</string>
			<key>path</key>
			<string>Orientation</string>
			<key>sourceTree</key>
			<string>&lt;group&gt;</string>
		</dict>
		<key>F41D830A1C6D97170076BDBD</key>
		<dict>
			<key>children</key>
			<array>
				<string>F41556821C6E929A008300E0</string>
				<string>F49728361C98AB6C00D1A738</string>
				<string>F4B00B591C14F6E1008DA9EE</string>
			</array>
			<key>isa</key>
			<string>PBXGroup</string>
			<key>path</key>
			<string>Menu</string>
			<key>sourceTree</key>
			<string>&lt;group&gt;</string>
		</dict>
		<key>F41D830B1C6D972E0076BDBD</key>
		<dict>
			<key>fileEncoding</key>
			<string>4</string>
			<key>isa</key>
			<string>PBXFileReference</string>
			<key>lastKnownFileType</key>
			<string>sourcecode.swift</string>
			<key>path</key>
			<string>FavoritesListController.swift</string>
			<key>sourceTree</key>
			<string>&lt;group&gt;</string>
		</dict>
		<key>F41D830C1C6D972E0076BDBD</key>
		<dict>
			<key>fileRef</key>
			<string>F41D830B1C6D972E0076BDBD</string>
			<key>isa</key>
			<string>PBXBuildFile</string>
		</dict>
		<key>F421CCAB1C604FE4008C9DA2</key>
		<dict>
			<key>buildActionMask</key>
			<string>2147483647</string>
			<key>files</key>
			<array/>
			<key>inputPaths</key>
			<array/>
			<key>isa</key>
			<string>PBXShellScriptBuildPhase</string>
			<key>outputPaths</key>
			<array/>
			<key>runOnlyForDeploymentPostprocessing</key>
			<string>0</string>
			<key>shellPath</key>
			<string>/bin/bash</string>
			<key>shellScript</key>
			<string>bash "$PROJECT_DIR/Tavi/scripts/HighlightTodo.sh"</string>
		</dict>
		<key>F42C29631C63D05B009B8C13</key>
		<dict>
			<key>children</key>
			<array>
				<string>F42C29641C63D071009B8C13</string>
			</array>
			<key>isa</key>
			<string>PBXGroup</string>
			<key>path</key>
			<string>Disclaimer</string>
			<key>sourceTree</key>
			<string>&lt;group&gt;</string>
		</dict>
		<key>F42C29641C63D071009B8C13</key>
		<dict>
			<key>fileEncoding</key>
			<string>4</string>
			<key>isa</key>
			<string>PBXFileReference</string>
			<key>lastKnownFileType</key>
			<string>sourcecode.swift</string>
			<key>path</key>
			<string>DisclaimerController.swift</string>
			<key>sourceTree</key>
			<string>&lt;group&gt;</string>
		</dict>
		<key>F42C29651C63D071009B8C13</key>
		<dict>
			<key>fileRef</key>
			<string>F42C29641C63D071009B8C13</string>
			<key>isa</key>
			<string>PBXBuildFile</string>
		</dict>
		<key>F42C29661C641EC4009B8C13</key>
		<dict>
			<key>fileEncoding</key>
			<string>4</string>
			<key>isa</key>
			<string>PBXFileReference</string>
			<key>lastKnownFileType</key>
			<string>file.storyboard</string>
			<key>path</key>
			<string>Disclaimer.storyboard</string>
			<key>sourceTree</key>
			<string>&lt;group&gt;</string>
		</dict>
		<key>F42C29671C641EC4009B8C13</key>
		<dict>
			<key>fileRef</key>
			<string>F42C29661C641EC4009B8C13</string>
			<key>isa</key>
			<string>PBXBuildFile</string>
		</dict>
		<key>F42ED8D81C6FF63D002F980F</key>
		<dict>
			<key>fileEncoding</key>
			<string>4</string>
			<key>isa</key>
			<string>PBXFileReference</string>
			<key>lastKnownFileType</key>
			<string>sourcecode.swift</string>
			<key>path</key>
			<string>TravisBuildJob.swift</string>
			<key>sourceTree</key>
			<string>&lt;group&gt;</string>
		</dict>
		<key>F42ED8D91C6FF63D002F980F</key>
		<dict>
			<key>fileRef</key>
			<string>F42ED8D81C6FF63D002F980F</string>
			<key>isa</key>
			<string>PBXBuildFile</string>
		</dict>
		<key>F43375ED1CB6F59400248B64</key>
		<dict>
			<key>fileEncoding</key>
			<string>4</string>
			<key>isa</key>
			<string>PBXFileReference</string>
			<key>lastKnownFileType</key>
			<string>file.storyboard</string>
			<key>path</key>
			<string>NoConnection.storyboard</string>
			<key>sourceTree</key>
			<string>&lt;group&gt;</string>
		</dict>
		<key>F43375EE1CB6F59400248B64</key>
		<dict>
			<key>fileRef</key>
			<string>F43375ED1CB6F59400248B64</string>
			<key>isa</key>
			<string>PBXBuildFile</string>
		</dict>
		<key>F43375EF1CB6F5B900248B64</key>
		<dict>
			<key>children</key>
			<array>
				<string>F43375F01CB6F5CC00248B64</string>
			</array>
			<key>isa</key>
			<string>PBXGroup</string>
			<key>name</key>
			<string>NoConnection</string>
			<key>path</key>
			<string>NoConnection</string>
			<key>sourceTree</key>
			<string>&lt;group&gt;</string>
		</dict>
		<key>F43375F01CB6F5CC00248B64</key>
		<dict>
			<key>fileEncoding</key>
			<string>4</string>
			<key>isa</key>
			<string>PBXFileReference</string>
			<key>lastKnownFileType</key>
			<string>sourcecode.swift</string>
			<key>path</key>
			<string>NoConnectionController.swift</string>
			<key>sourceTree</key>
			<string>&lt;group&gt;</string>
		</dict>
		<key>F43375F11CB6F5CC00248B64</key>
		<dict>
			<key>fileRef</key>
			<string>F43375F01CB6F5CC00248B64</string>
			<key>isa</key>
			<string>PBXBuildFile</string>
		</dict>
		<key>F43375F21CB7358100248B64</key>
		<dict>
			<key>fileEncoding</key>
			<string>4</string>
			<key>isa</key>
			<string>PBXFileReference</string>
			<key>lastKnownFileType</key>
			<string>sourcecode.swift</string>
			<key>name</key>
			<string>TLFAPIBackend.swift</string>
			<key>path</key>
			<string>TLFAPIBackend.swift</string>
			<key>sourceTree</key>
			<string>&lt;group&gt;</string>
		</dict>
		<key>F43375F31CB7358100248B64</key>
		<dict>
			<key>fileRef</key>
			<string>F43375F21CB7358100248B64</string>
			<key>isa</key>
			<string>PBXBuildFile</string>
		</dict>
		<key>F43533B81C11336100CE3EB7</key>
		<dict>
			<key>fileEncoding</key>
			<string>4</string>
			<key>isa</key>
			<string>PBXFileReference</string>
			<key>lastKnownFileType</key>
			<string>sourcecode.swift</string>
			<key>path</key>
			<string>Connection.swift</string>
			<key>sourceTree</key>
			<string>&lt;group&gt;</string>
		</dict>
		<key>F43533B91C11336100CE3EB7</key>
		<dict>
			<key>fileRef</key>
			<string>F43533B81C11336100CE3EB7</string>
			<key>isa</key>
			<string>PBXBuildFile</string>
		</dict>
		<key>F43533BC1C1133A000CE3EB7</key>
		<dict>
			<key>fileEncoding</key>
			<string>4</string>
			<key>isa</key>
			<string>PBXFileReference</string>
			<key>lastKnownFileType</key>
			<string>sourcecode.swift</string>
			<key>path</key>
			<string>OverloadsAndConvenience.swift</string>
			<key>sourceTree</key>
			<string>&lt;group&gt;</string>
		</dict>
		<key>F43533BD1C1133A000CE3EB7</key>
		<dict>
			<key>fileRef</key>
			<string>F43533BC1C1133A000CE3EB7</string>
			<key>isa</key>
			<string>PBXBuildFile</string>
		</dict>
		<key>F43533BE1C1133E900CE3EB7</key>
		<dict>
			<key>children</key>
			<array>
				<string>F401444F1C1247D5000AA6DD</string>
				<string>F43533BF1C1133F100CE3EB7</string>
				<string>F40144501C1247D5000AA6DD</string>
				<string>F40C94821C9A65FB003D431F</string>
			</array>
			<key>isa</key>
			<string>PBXGroup</string>
			<key>path</key>
			<string>GitHub</string>
			<key>sourceTree</key>
			<string>&lt;group&gt;</string>
		</dict>
		<key>F43533BF1C1133F100CE3EB7</key>
		<dict>
			<key>fileEncoding</key>
			<string>4</string>
			<key>isa</key>
			<string>PBXFileReference</string>
			<key>lastKnownFileType</key>
			<string>sourcecode.swift</string>
			<key>path</key>
			<string>GithubAPIAuthorization.swift</string>
			<key>sourceTree</key>
			<string>&lt;group&gt;</string>
		</dict>
		<key>F43533C11C1133F100CE3EB7</key>
		<dict>
			<key>fileEncoding</key>
			<string>4</string>
			<key>isa</key>
			<string>PBXFileReference</string>
			<key>lastKnownFileType</key>
			<string>sourcecode.swift</string>
			<key>path</key>
			<string>JSON.swift</string>
			<key>sourceTree</key>
			<string>&lt;group&gt;</string>
		</dict>
		<key>F43533C41C1133F100CE3EB7</key>
		<dict>
			<key>fileRef</key>
			<string>F43533BF1C1133F100CE3EB7</string>
			<key>isa</key>
			<string>PBXBuildFile</string>
		</dict>
		<key>F43533C61C1133F100CE3EB7</key>
		<dict>
			<key>fileRef</key>
			<string>F43533C11C1133F100CE3EB7</string>
			<key>isa</key>
			<string>PBXBuildFile</string>
		</dict>
		<key>F43533C91C11341D00CE3EB7</key>
		<dict>
			<key>fileEncoding</key>
			<string>4</string>
			<key>isa</key>
			<string>PBXFileReference</string>
			<key>lastKnownFileType</key>
			<string>sourcecode.swift</string>
			<key>path</key>
			<string>Logger.swift</string>
			<key>sourceTree</key>
			<string>&lt;group&gt;</string>
		</dict>
		<key>F43533CA1C11341D00CE3EB7</key>
		<dict>
			<key>fileRef</key>
			<string>F43533C91C11341D00CE3EB7</string>
			<key>isa</key>
			<string>PBXBuildFile</string>
		</dict>
		<key>F43533CB1C11342C00CE3EB7</key>
		<dict>
			<key>fileEncoding</key>
			<string>4</string>
			<key>isa</key>
			<string>PBXFileReference</string>
			<key>lastKnownFileType</key>
			<string>sourcecode.swift</string>
			<key>path</key>
			<string>Settings.swift</string>
			<key>sourceTree</key>
			<string>&lt;group&gt;</string>
		</dict>
		<key>F43533CC1C11342C00CE3EB7</key>
		<dict>
			<key>fileRef</key>
			<string>F43533CB1C11342C00CE3EB7</string>
			<key>isa</key>
			<string>PBXBuildFile</string>
		</dict>
		<key>F43533CD1C11343D00CE3EB7</key>
		<dict>
			<key>fileEncoding</key>
			<string>4</string>
			<key>isa</key>
			<string>PBXFileReference</string>
			<key>lastKnownFileType</key>
			<string>sourcecode.swift</string>
			<key>path</key>
			<string>LandscapeCapableViewController.swift</string>
			<key>sourceTree</key>
			<string>&lt;group&gt;</string>
		</dict>
		<key>F43533CE1C11343D00CE3EB7</key>
		<dict>
			<key>fileRef</key>
			<string>F43533CD1C11343D00CE3EB7</string>
			<key>isa</key>
			<string>PBXBuildFile</string>
		</dict>
		<key>F43533CF1C11677C00CE3EB7</key>
		<dict>
			<key>children</key>
			<array>
				<string>F4B00B4D1C13FCCB008DA9EE</string>
				<string>F42C29631C63D05B009B8C13</string>
				<string>F4B00B4C1C13FCC6008DA9EE</string>
				<string>F41D830A1C6D97170076BDBD</string>
				<string>F45533B91C68542F004DF145</string>
			</array>
			<key>isa</key>
			<string>PBXGroup</string>
			<key>path</key>
			<string>Main</string>
			<key>sourceTree</key>
			<string>&lt;group&gt;</string>
		</dict>
		<key>F43533D41C1168E000CE3EB7</key>
		<dict>
			<key>fileEncoding</key>
			<string>4</string>
			<key>isa</key>
			<string>PBXFileReference</string>
			<key>lastKnownFileType</key>
			<string>file.storyboard</string>
			<key>path</key>
			<string>LaunchScreen.storyboard</string>
			<key>sourceTree</key>
			<string>&lt;group&gt;</string>
		</dict>
		<key>F43533D51C1168E000CE3EB7</key>
		<dict>
			<key>fileRef</key>
			<string>F43533D41C1168E000CE3EB7</string>
			<key>isa</key>
			<string>PBXBuildFile</string>
		</dict>
		<key>F43533D61C1169E000CE3EB7</key>
		<dict>
			<key>children</key>
			<array>
				<string>F43533BE1C1133E900CE3EB7</string>
				<string>F43533DC1C116D8D00CE3EB7</string>
				<string>F408EF701C617A1700CFF351</string>
				<string>F43533D71C1169F300CE3EB7</string>
				<string>F43375F21CB7358100248B64</string>
			</array>
			<key>isa</key>
			<string>PBXGroup</string>
			<key>path</key>
			<string>API</string>
			<key>sourceTree</key>
			<string>&lt;group&gt;</string>
		</dict>
		<key>F43533D71C1169F300CE3EB7</key>
		<dict>
			<key>children</key>
			<array>
				<string>F43533D81C116C7C00CE3EB7</string>
				<string>F43533DA1C116D1900CE3EB7</string>
				<string>F4B00B501C1409EC008DA9EE</string>
				<string>F42ED8D81C6FF63D002F980F</string>
				<string>F4FF98891CB2C5D300F019A5</string>
				<string>F4B00B4E1C1407E9008DA9EE</string>
			</array>
			<key>isa</key>
			<string>PBXGroup</string>
			<key>path</key>
			<string>Travis</string>
			<key>sourceTree</key>
			<string>&lt;group&gt;</string>
		</dict>
		<key>F43533D81C116C7C00CE3EB7</key>
		<dict>
			<key>fileEncoding</key>
			<string>4</string>
			<key>isa</key>
			<string>PBXFileReference</string>
			<key>lastKnownFileType</key>
			<string>sourcecode.swift</string>
			<key>path</key>
			<string>TravisAPI.swift</string>
			<key>sourceTree</key>
			<string>&lt;group&gt;</string>
		</dict>
		<key>F43533D91C116C7C00CE3EB7</key>
		<dict>
			<key>fileRef</key>
			<string>F43533D81C116C7C00CE3EB7</string>
			<key>isa</key>
			<string>PBXBuildFile</string>
		</dict>
		<key>F43533DA1C116D1900CE3EB7</key>
		<dict>
			<key>fileEncoding</key>
			<string>4</string>
			<key>isa</key>
			<string>PBXFileReference</string>
			<key>lastKnownFileType</key>
			<string>sourcecode.swift</string>
			<key>path</key>
			<string>TravisAPIBackend.swift</string>
			<key>sourceTree</key>
			<string>&lt;group&gt;</string>
		</dict>
		<key>F43533DB1C116D1900CE3EB7</key>
		<dict>
			<key>fileRef</key>
			<string>F43533DA1C116D1900CE3EB7</string>
			<key>isa</key>
			<string>PBXBuildFile</string>
		</dict>
		<key>F43533DC1C116D8D00CE3EB7</key>
		<dict>
			<key>children</key>
			<array>
				<string>F43533DF1C116DEB00CE3EB7</string>
				<string>F43533DD1C116D9A00CE3EB7</string>
				<string>F43533C11C1133F100CE3EB7</string>
			</array>
			<key>isa</key>
			<string>PBXGroup</string>
			<key>path</key>
			<string>Helper</string>
			<key>sourceTree</key>
			<string>&lt;group&gt;</string>
		</dict>
		<key>F43533DD1C116D9A00CE3EB7</key>
		<dict>
			<key>fileEncoding</key>
			<string>4</string>
			<key>isa</key>
			<string>PBXFileReference</string>
			<key>lastKnownFileType</key>
			<string>sourcecode.swift</string>
			<key>path</key>
			<string>HTTPMethod.swift</string>
			<key>sourceTree</key>
			<string>&lt;group&gt;</string>
		</dict>
		<key>F43533DE1C116D9A00CE3EB7</key>
		<dict>
			<key>fileRef</key>
			<string>F43533DD1C116D9A00CE3EB7</string>
			<key>isa</key>
			<string>PBXBuildFile</string>
		</dict>
		<key>F43533DF1C116DEB00CE3EB7</key>
		<dict>
			<key>fileEncoding</key>
			<string>4</string>
			<key>isa</key>
			<string>PBXFileReference</string>
			<key>lastKnownFileType</key>
			<string>sourcecode.swift</string>
			<key>path</key>
			<string>AuthHelper.swift</string>
			<key>sourceTree</key>
			<string>&lt;group&gt;</string>
		</dict>
		<key>F43533E01C116DEB00CE3EB7</key>
		<dict>
			<key>fileRef</key>
			<string>F43533DF1C116DEB00CE3EB7</string>
			<key>isa</key>
			<string>PBXBuildFile</string>
		</dict>
		<key>F45533B91C68542F004DF145</key>
		<dict>
			<key>children</key>
			<array>
				<string>F45533BA1C685455004DF145</string>
			</array>
			<key>isa</key>
			<string>PBXGroup</string>
			<key>path</key>
			<string>Nav</string>
			<key>sourceTree</key>
			<string>&lt;group&gt;</string>
		</dict>
		<key>F45533BA1C685455004DF145</key>
		<dict>
			<key>fileEncoding</key>
			<string>4</string>
			<key>isa</key>
			<string>PBXFileReference</string>
			<key>lastKnownFileType</key>
			<string>sourcecode.swift</string>
			<key>path</key>
			<string>MainNavController.swift</string>
			<key>sourceTree</key>
			<string>&lt;group&gt;</string>
		</dict>
		<key>F45533BB1C685456004DF145</key>
		<dict>
			<key>fileRef</key>
			<string>F45533BA1C685455004DF145</string>
			<key>isa</key>
			<string>PBXBuildFile</string>
		</dict>
		<key>F45533C01C685927004DF145</key>
		<dict>
			<key>fileEncoding</key>
			<string>4</string>
			<key>isa</key>
			<string>PBXFileReference</string>
			<key>lastKnownFileType</key>
			<string>text.rtf</string>
			<key>path</key>
			<string>Credits.rtf</string>
			<key>sourceTree</key>
			<string>&lt;group&gt;</string>
		</dict>
		<key>F45533C11C685927004DF145</key>
		<dict>
			<key>fileRef</key>
			<string>F45533C01C685927004DF145</string>
			<key>isa</key>
			<string>PBXBuildFile</string>
		</dict>
		<key>F472EF441C9BC103007D05A9</key>
		<dict>
			<key>children</key>
			<array>
				<string>F472EF451C9CB52E007D05A9</string>
				<string>F472EF461C9CB52E007D05A9</string>
			</array>
			<key>isa</key>
			<string>PBXGroup</string>
			<key>name</key>
			<string>Scripts</string>
			<key>path</key>
			<string>Scripts</string>
			<key>sourceTree</key>
			<string>&lt;group&gt;</string>
		</dict>
		<key>F472EF451C9CB52E007D05A9</key>
		<dict>
			<key>fileEncoding</key>
			<string>4</string>
			<key>isa</key>
			<string>PBXFileReference</string>
			<key>lastKnownFileType</key>
			<string>text.script.sh</string>
			<key>name</key>
			<string>BuildDocs.sh</string>
			<key>path</key>
			<string>BuildDocs.sh</string>
			<key>sourceTree</key>
			<string>&lt;group&gt;</string>
		</dict>
		<key>F472EF461C9CB52E007D05A9</key>
		<dict>
			<key>fileEncoding</key>
			<string>4</string>
			<key>isa</key>
			<string>PBXFileReference</string>
			<key>lastKnownFileType</key>
			<string>text.script.sh</string>
			<key>name</key>
			<string>HighlightTodo.sh</string>
			<key>path</key>
			<string>HighlightTodo.sh</string>
			<key>sourceTree</key>
			<string>&lt;group&gt;</string>
		</dict>
		<key>F472EF471C9CB52E007D05A9</key>
		<dict>
			<key>fileRef</key>
			<string>F472EF451C9CB52E007D05A9</string>
			<key>isa</key>
			<string>PBXBuildFile</string>
		</dict>
		<key>F472EF481C9CB52E007D05A9</key>
		<dict>
			<key>fileRef</key>
			<string>F472EF461C9CB52E007D05A9</string>
			<key>isa</key>
			<string>PBXBuildFile</string>
		</dict>
		<key>F474F4731C0F612400F1CEDC</key>
		<dict>
			<key>children</key>
			<array>
				<string>F474F4821C11297800F1CEDC</string>
				<string>F40977741C62D959003F7081</string>
				<string>F474F4741C0F615C00F1CEDC</string>
			</array>
			<key>isa</key>
			<string>PBXGroup</string>
			<key>path</key>
			<string>ObjC</string>
			<key>sourceTree</key>
			<string>&lt;group&gt;</string>
		</dict>
		<key>F474F4741C0F615C00F1CEDC</key>
		<dict>
			<key>fileEncoding</key>
			<string>4</string>
			<key>isa</key>
			<string>PBXFileReference</string>
			<key>lastKnownFileType</key>
			<string>sourcecode.c.h</string>
			<key>path</key>
			<string>Tavi-Bridging-Header.h</string>
			<key>sourceTree</key>
			<string>&lt;group&gt;</string>
		</dict>
		<key>F474F4751C0F67BA00F1CEDC</key>
		<dict>
			<key>children</key>
			<array>
				<string>F474F4761C0F67C100F1CEDC</string>
				<string>F474F4771C0F67C100F1CEDC</string>
			</array>
			<key>isa</key>
			<string>PBXGroup</string>
			<key>path</key>
			<string>Fonts</string>
			<key>sourceTree</key>
			<string>&lt;group&gt;</string>
		</dict>
		<key>F474F4761C0F67C100F1CEDC</key>
		<dict>
			<key>isa</key>
			<string>PBXFileReference</string>
			<key>lastKnownFileType</key>
			<string>file</string>
			<key>path</key>
			<string>Inconsolata-Bold.ttf</string>
			<key>sourceTree</key>
			<string>&lt;group&gt;</string>
		</dict>
		<key>F474F4771C0F67C100F1CEDC</key>
		<dict>
			<key>isa</key>
			<string>PBXFileReference</string>
			<key>lastKnownFileType</key>
			<string>file</string>
			<key>path</key>
			<string>Inconsolata-Regular.ttf</string>
			<key>sourceTree</key>
			<string>&lt;group&gt;</string>
		</dict>
		<key>F474F4781C0F6FB100F1CEDC</key>
		<dict>
			<key>fileRef</key>
			<string>F474F4761C0F67C100F1CEDC</string>
			<key>isa</key>
			<string>PBXBuildFile</string>
		</dict>
		<key>F474F4791C0F6FB100F1CEDC</key>
		<dict>
			<key>fileRef</key>
			<string>F474F4771C0F67C100F1CEDC</string>
			<key>isa</key>
			<string>PBXBuildFile</string>
		</dict>
		<key>F474F47A1C0F72E700F1CEDC</key>
		<dict>
			<key>children</key>
			<array>
				<string>F474F47D1C0F753000F1CEDC</string>
				<string>F474F47B1C0F732400F1CEDC</string>
			</array>
			<key>isa</key>
			<string>PBXGroup</string>
			<key>path</key>
			<string>Console output</string>
			<key>sourceTree</key>
			<string>&lt;group&gt;</string>
		</dict>
		<key>F474F47B1C0F732400F1CEDC</key>
		<dict>
			<key>fileEncoding</key>
			<string>4</string>
			<key>isa</key>
			<string>PBXFileReference</string>
			<key>lastKnownFileType</key>
			<string>sourcecode.swift</string>
			<key>path</key>
			<string>ConsoleTableSource.swift</string>
			<key>sourceTree</key>
			<string>&lt;group&gt;</string>
		</dict>
		<key>F474F47C1C0F732400F1CEDC</key>
		<dict>
			<key>fileRef</key>
			<string>F474F47B1C0F732400F1CEDC</string>
			<key>isa</key>
			<string>PBXBuildFile</string>
		</dict>
		<key>F474F47D1C0F753000F1CEDC</key>
		<dict>
			<key>fileEncoding</key>
			<string>4</string>
			<key>isa</key>
			<string>PBXFileReference</string>
			<key>lastKnownFileType</key>
			<string>sourcecode.swift</string>
			<key>path</key>
			<string>ConsoleLineCell.swift</string>
			<key>sourceTree</key>
			<string>&lt;group&gt;</string>
		</dict>
		<key>F474F47E1C0F753000F1CEDC</key>
		<dict>
			<key>fileRef</key>
			<string>F474F47D1C0F753000F1CEDC</string>
			<key>isa</key>
			<string>PBXBuildFile</string>
		</dict>
		<key>F474F47F1C111F4400F1CEDC</key>
		<dict>
			<key>children</key>
			<array>
				<string>F41D83071C6D35390076BDBD</string>
				<string>F4FF988B1CB40FBF00F019A5</string>
				<string>F41556861C6E986A008300E0</string>
				<string>F43533B81C11336100CE3EB7</string>
				<string>F49AAA1F1CD3BA6A0009C1B4</string>
				<string>F41D83051C6C4AD30076BDBD</string>
				<string>F4F328661C6AB1E600C2E6D3</string>
				<string>F43533C91C11341D00CE3EB7</string>
				<string>F43533BC1C1133A000CE3EB7</string>
				<string>F41556801C6DAE32008300E0</string>
				<string>F43533CB1C11342C00CE3EB7</string>
			</array>
			<key>isa</key>
			<string>PBXGroup</string>
			<key>path</key>
			<string>Helper</string>
			<key>sourceTree</key>
			<string>&lt;group&gt;</string>
		</dict>
		<key>F474F4821C11297800F1CEDC</key>
		<dict>
			<key>children</key>
			<array>
				<string>F474F4831C11297F00F1CEDC</string>
				<string>F474F4841C11297F00F1CEDC</string>
				<string>F474F4851C11297F00F1CEDC</string>
			</array>
			<key>isa</key>
			<string>PBXGroup</string>
			<key>path</key>
			<string>1Password</string>
			<key>sourceTree</key>
			<string>&lt;group&gt;</string>
		</dict>
		<key>F474F4831C11297F00F1CEDC</key>
		<dict>
			<key>isa</key>
			<string>PBXFileReference</string>
			<key>lastKnownFileType</key>
			<string>folder.assetcatalog</string>
			<key>path</key>
			<string>1Password.xcassets</string>
			<key>sourceTree</key>
			<string>&lt;group&gt;</string>
		</dict>
		<key>F474F4841C11297F00F1CEDC</key>
		<dict>
			<key>fileEncoding</key>
			<string>4</string>
			<key>isa</key>
			<string>PBXFileReference</string>
			<key>lastKnownFileType</key>
			<string>sourcecode.c.h</string>
			<key>path</key>
			<string>OnePasswordExtension.h</string>
			<key>sourceTree</key>
			<string>&lt;group&gt;</string>
		</dict>
		<key>F474F4851C11297F00F1CEDC</key>
		<dict>
			<key>fileEncoding</key>
			<string>4</string>
			<key>isa</key>
			<string>PBXFileReference</string>
			<key>lastKnownFileType</key>
			<string>sourcecode.c.objc</string>
			<key>path</key>
			<string>OnePasswordExtension.m</string>
			<key>sourceTree</key>
			<string>&lt;group&gt;</string>
		</dict>
		<key>F474F4861C11297F00F1CEDC</key>
		<dict>
			<key>fileRef</key>
			<string>F474F4831C11297F00F1CEDC</string>
			<key>isa</key>
			<string>PBXBuildFile</string>
		</dict>
		<key>F474F4871C11297F00F1CEDC</key>
		<dict>
			<key>fileRef</key>
			<string>F474F4851C11297F00F1CEDC</string>
			<key>isa</key>
			<string>PBXBuildFile</string>
		</dict>
		<key>F496F9FE1C0F56D400639A26</key>
		<dict>
			<key>children</key>
			<array>
				<string>FE5C4CCD1986A31769507819</string>
				<string>4D143C8C2FD093EB40FF5308</string>
				<string>F496FA081C0F56D400639A26</string>
				<string>F496FA091C0F56D400639A26</string>
				<string>F496FA201C0F56D400639A26</string>
				<string>F496FA2B1C0F56D400639A26</string>
				<string>F45533C01C685927004DF145</string>
			</array>
			<key>isa</key>
			<string>PBXGroup</string>
			<key>sourceTree</key>
			<string>&lt;group&gt;</string>
		</dict>
		<key>F496F9FF1C0F56D400639A26</key>
		<dict>
			<key>attributes</key>
			<dict>
				<key>LastSwiftUpdateCheck</key>
				<string>0710</string>
				<key>LastUpgradeCheck</key>
				<string>0710</string>
				<key>ORGANIZATIONNAME</key>
				<string>thislooksfun</string>
				<key>TargetAttributes</key>
				<dict>
					<key>F496FA061C0F56D400639A26</key>
					<dict>
						<key>CreatedOnToolsVersion</key>
						<string>7.1.1</string>
						<key>DevelopmentTeam</key>
						<string>Q9K6UK48V2</string>
						<key>SystemCapabilities</key>
						<dict>
							<key>com.apple.BackgroundModes</key>
							<dict>
								<key>enabled</key>
								<string>1</string>
							</dict>
							<key>com.apple.DataProtection</key>
							<dict>
								<key>enabled</key>
								<string>1</string>
							</dict>
							<key>com.apple.HomeKit</key>
							<dict>
								<key>enabled</key>
								<string>0</string>
							</dict>
						</dict>
					</dict>
					<key>F496FA1C1C0F56D400639A26</key>
					<dict>
						<key>CreatedOnToolsVersion</key>
						<string>7.1.1</string>
						<key>DevelopmentTeam</key>
						<string>Q9K6UK48V2</string>
						<key>TestTargetID</key>
						<string>F496FA061C0F56D400639A26</string>
					</dict>
					<key>F496FA271C0F56D400639A26</key>
					<dict>
						<key>CreatedOnToolsVersion</key>
						<string>7.1.1</string>
						<key>DevelopmentTeam</key>
						<string>Q9K6UK48V2</string>
						<key>TestTargetID</key>
						<string>F496FA061C0F56D400639A26</string>
					</dict>
				</dict>
			</dict>
			<key>buildConfigurationList</key>
			<string>F496FA021C0F56D400639A26</string>
			<key>compatibilityVersion</key>
			<string>Xcode 3.2</string>
			<key>developmentRegion</key>
			<string>English</string>
			<key>hasScannedForEncodings</key>
			<string>0</string>
			<key>isa</key>
			<string>PBXProject</string>
			<key>knownRegions</key>
			<array>
				<string>en</string>
				<string>Base</string>
			</array>
			<key>mainGroup</key>
			<string>F496F9FE1C0F56D400639A26</string>
			<key>productRefGroup</key>
			<string>F496FA081C0F56D400639A26</string>
			<key>projectDirPath</key>
			<string></string>
			<key>projectReferences</key>
			<array/>
			<key>projectRoot</key>
			<string></string>
			<key>targets</key>
			<array>
				<string>F496FA061C0F56D400639A26</string>
				<string>F496FA1C1C0F56D400639A26</string>
				<string>F496FA271C0F56D400639A26</string>
			</array>
		</dict>
		<key>F496FA021C0F56D400639A26</key>
		<dict>
			<key>buildConfigurations</key>
			<array>
				<string>F496FA2F1C0F56D400639A26</string>
				<string>F496FA301C0F56D400639A26</string>
			</array>
			<key>defaultConfigurationIsVisible</key>
			<string>0</string>
			<key>defaultConfigurationName</key>
			<string>Release</string>
			<key>isa</key>
			<string>XCConfigurationList</string>
		</dict>
		<key>F496FA031C0F56D400639A26</key>
		<dict>
			<key>buildActionMask</key>
			<string>2147483647</string>
			<key>files</key>
			<array>
				<string>F4FF988C1CB40FBF00F019A5</string>
				<string>F40144521C1247D5000AA6DD</string>
				<string>F43533B91C11336100CE3EB7</string>
				<string>F401444E1C123C0E000AA6DD</string>
				<string>F474F4871C11297F00F1CEDC</string>
				<string>F40144541C12A3CA000AA6DD</string>
				<string>F42C29651C63D071009B8C13</string>
				<string>F4FF988A1CB2C5D300F019A5</string>
				<string>F496FA0F1C0F56D400639A26</string>
				<string>F49AAA201CD3BA6A0009C1B4</string>
				<string>F41D83061C6C4AD30076BDBD</string>
				<string>F43533E01C116DEB00CE3EB7</string>
				<string>F496FA0D1C0F56D400639A26</string>
				<string>F43533CE1C11343D00CE3EB7</string>
				<string>F4EA579A1C5C3ED9004E92C3</string>
				<string>F43533DE1C116D9A00CE3EB7</string>
				<string>F42ED8D91C6FF63D002F980F</string>
				<string>F4B00B511C1409EC008DA9EE</string>
				<string>F43533C41C1133F100CE3EB7</string>
				<string>F41556871C6E986A008300E0</string>
				<string>F43533DB1C116D1900CE3EB7</string>
				<string>F415568D1C6EAD35008300E0</string>
				<string>F415568F1C6EAD79008300E0</string>
				<string>F43375F11CB6F5CC00248B64</string>
				<string>F4B00B5A1C14F6E1008DA9EE</string>
				<string>F474F47C1C0F732400F1CEDC</string>
				<string>F43533D91C116C7C00CE3EB7</string>
				<string>F496FA0B1C0F56D400639A26</string>
				<string>F4F328671C6AB1E600C2E6D3</string>
				<string>F40144511C1247D5000AA6DD</string>
				<string>F40C94831C9A65FB003D431F</string>
				<string>F40977771C62D97E003F7081</string>
				<string>F43533CA1C11341D00CE3EB7</string>
				<string>F415567F1C6D9C98008300E0</string>
				<string>F41556811C6DAE32008300E0</string>
				<string>F4C12B031C13ECA0003DB1D6</string>
				<string>F41D830C1C6D972E0076BDBD</string>
				<string>F408EF721C617A2100CFF351</string>
				<string>F45533BB1C685456004DF145</string>
				<string>F43375F31CB7358100248B64</string>
				<string>F4B00B4F1C1407E9008DA9EE</string>
				<string>F43533BD1C1133A000CE3EB7</string>
				<string>F43533C61C1133F100CE3EB7</string>
				<string>F49728381C98AB8C00D1A738</string>
				<string>F43533CC1C11342C00CE3EB7</string>
				<string>F4EA57981C5C399F004E92C3</string>
				<string>F474F47E1C0F753000F1CEDC</string>
			</array>
			<key>isa</key>
			<string>PBXSourcesBuildPhase</string>
			<key>runOnlyForDeploymentPostprocessing</key>
			<string>0</string>
		</dict>
		<key>F496FA041C0F56D400639A26</key>
		<dict>
			<key>buildActionMask</key>
			<string>2147483647</string>
			<key>files</key>
			<array>
				<string>7C7BABFF11BEBB660A5F2A60</string>
			</array>
			<key>isa</key>
			<string>PBXFrameworksBuildPhase</string>
			<key>runOnlyForDeploymentPostprocessing</key>
			<string>0</string>
		</dict>
		<key>F496FA051C0F56D400639A26</key>
		<dict>
			<key>buildActionMask</key>
			<string>2147483647</string>
			<key>files</key>
			<array>
				<string>F474F4781C0F6FB100F1CEDC</string>
				<string>F474F4791C0F6FB100F1CEDC</string>
				<string>F4EA57931C5C3087004E92C3</string>
				<string>F43533D51C1168E000CE3EB7</string>
				<string>F45533C11C685927004DF145</string>
				<string>F42C29671C641EC4009B8C13</string>
				<string>F474F4861C11297F00F1CEDC</string>
				<string>F496FA141C0F56D400639A26</string>
				<string>F496FA121C0F56D400639A26</string>
				<string>F472EF471C9CB52E007D05A9</string>
				<string>F472EF481C9CB52E007D05A9</string>
				<string>F43375EE1CB6F59400248B64</string>
			</array>
			<key>isa</key>
			<string>PBXResourcesBuildPhase</string>
			<key>runOnlyForDeploymentPostprocessing</key>
			<string>0</string>
		</dict>
		<key>F496FA061C0F56D400639A26</key>
		<dict>
			<key>buildConfigurationList</key>
			<string>F496FA311C0F56D400639A26</string>
			<key>buildPhases</key>
			<array>
				<string>A306D8F89ADE2712B4290DA0</string>
				<string>F496FA031C0F56D400639A26</string>
				<string>F496FA041C0F56D400639A26</string>
				<string>F496FA051C0F56D400639A26</string>
				<string>4507BBA49DBCC3B8AA4401DF</string>
				<string>CA2F42CC5642DBF364FBE479</string>
				<string>F421CCAB1C604FE4008C9DA2</string>
			</array>
			<key>buildRules</key>
			<array/>
			<key>dependencies</key>
			<array/>
			<key>isa</key>
			<string>PBXNativeTarget</string>
			<key>name</key>
			<string>Tavi</string>
			<key>productName</key>
			<string>TravisCI</string>
			<key>productReference</key>
			<string>F496FA071C0F56D400639A26</string>
			<key>productType</key>
			<string>com.apple.product-type.application</string>
		</dict>
		<key>F496FA071C0F56D400639A26</key>
		<dict>
			<key>explicitFileType</key>
			<string>wrapper.application</string>
			<key>includeInIndex</key>
			<string>0</string>
			<key>isa</key>
			<string>PBXFileReference</string>
			<key>path</key>
			<string>Tavi.app</string>
			<key>sourceTree</key>
			<string>BUILT_PRODUCTS_DIR</string>
		</dict>
		<key>F496FA081C0F56D400639A26</key>
		<dict>
			<key>children</key>
			<array>
				<string>F496FA071C0F56D400639A26</string>
				<string>F496FA1D1C0F56D400639A26</string>
				<string>F496FA281C0F56D400639A26</string>
			</array>
			<key>isa</key>
			<string>PBXGroup</string>
			<key>name</key>
			<string>Products</string>
			<key>sourceTree</key>
			<string>&lt;group&gt;</string>
		</dict>
		<key>F496FA091C0F56D400639A26</key>
		<dict>
			<key>children</key>
			<array>
				<string>F43533D61C1169E000CE3EB7</string>
				<string>F474F4751C0F67BA00F1CEDC</string>
				<string>F474F47F1C111F4400F1CEDC</string>
				<string>F4EA57941C5C372D004E92C3</string>
				<string>F43533CF1C11677C00CE3EB7</string>
				<string>F43375EF1CB6F5B900248B64</string>
				<string>F401444C1C123BFC000AA6DD</string>
				<string>F474F4731C0F612400F1CEDC</string>
				<string>F472EF441C9BC103007D05A9</string>
				<string>F496FA0A1C0F56D400639A26</string>
				<string>F496FA131C0F56D400639A26</string>
				<string>F42C29661C641EC4009B8C13</string>
				<string>F496FA181C0F56D400639A26</string>
				<string>F43533D41C1168E000CE3EB7</string>
				<string>F4EA57921C5C3087004E92C3</string>
				<string>F496FA101C0F56D400639A26</string>
				<string>F43375ED1CB6F59400248B64</string>
			</array>
			<key>isa</key>
			<string>PBXGroup</string>
			<key>path</key>
			<string>Tavi</string>
			<key>sourceTree</key>
			<string>&lt;group&gt;</string>
		</dict>
		<key>F496FA0A1C0F56D400639A26</key>
		<dict>
			<key>isa</key>
			<string>PBXFileReference</string>
			<key>lastKnownFileType</key>
			<string>sourcecode.swift</string>
			<key>path</key>
			<string>AppDelegate.swift</string>
			<key>sourceTree</key>
			<string>&lt;group&gt;</string>
		</dict>
		<key>F496FA0B1C0F56D400639A26</key>
		<dict>
			<key>fileRef</key>
			<string>F496FA0A1C0F56D400639A26</string>
			<key>isa</key>
			<string>PBXBuildFile</string>
		</dict>
		<key>F496FA0C1C0F56D400639A26</key>
		<dict>
			<key>isa</key>
			<string>PBXFileReference</string>
			<key>lastKnownFileType</key>
			<string>sourcecode.swift</string>
			<key>path</key>
			<string>MasterViewController.swift</string>
			<key>sourceTree</key>
			<string>&lt;group&gt;</string>
		</dict>
		<key>F496FA0D1C0F56D400639A26</key>
		<dict>
			<key>fileRef</key>
			<string>F496FA0C1C0F56D400639A26</string>
			<key>isa</key>
			<string>PBXBuildFile</string>
		</dict>
		<key>F496FA0E1C0F56D400639A26</key>
		<dict>
			<key>isa</key>
			<string>PBXFileReference</string>
			<key>lastKnownFileType</key>
			<string>sourcecode.swift</string>
			<key>path</key>
			<string>DetailViewController.swift</string>
			<key>sourceTree</key>
			<string>&lt;group&gt;</string>
		</dict>
		<key>F496FA0F1C0F56D400639A26</key>
		<dict>
			<key>fileRef</key>
			<string>F496FA0E1C0F56D400639A26</string>
			<key>isa</key>
			<string>PBXBuildFile</string>
		</dict>
		<key>F496FA101C0F56D400639A26</key>
		<dict>
			<key>children</key>
			<array>
				<string>F496FA111C0F56D400639A26</string>
			</array>
			<key>isa</key>
			<string>PBXVariantGroup</string>
			<key>name</key>
			<string>Main.storyboard</string>
			<key>path</key>
			<string>.</string>
			<key>sourceTree</key>
			<string>&lt;group&gt;</string>
		</dict>
		<key>F496FA111C0F56D400639A26</key>
		<dict>
			<key>isa</key>
			<string>PBXFileReference</string>
			<key>lastKnownFileType</key>
			<string>file.storyboard</string>
			<key>name</key>
			<string>Base</string>
			<key>path</key>
			<string>Base.lproj/Main.storyboard</string>
			<key>sourceTree</key>
			<string>&lt;group&gt;</string>
		</dict>
		<key>F496FA121C0F56D400639A26</key>
		<dict>
			<key>fileRef</key>
			<string>F496FA101C0F56D400639A26</string>
			<key>isa</key>
			<string>PBXBuildFile</string>
		</dict>
		<key>F496FA131C0F56D400639A26</key>
		<dict>
			<key>isa</key>
			<string>PBXFileReference</string>
			<key>lastKnownFileType</key>
			<string>folder.assetcatalog</string>
			<key>path</key>
			<string>Assets.xcassets</string>
			<key>sourceTree</key>
			<string>&lt;group&gt;</string>
		</dict>
		<key>F496FA141C0F56D400639A26</key>
		<dict>
			<key>fileRef</key>
			<string>F496FA131C0F56D400639A26</string>
			<key>isa</key>
			<string>PBXBuildFile</string>
		</dict>
		<key>F496FA181C0F56D400639A26</key>
		<dict>
			<key>isa</key>
			<string>PBXFileReference</string>
			<key>lastKnownFileType</key>
			<string>text.plist.xml</string>
			<key>path</key>
			<string>Info.plist</string>
			<key>sourceTree</key>
			<string>&lt;group&gt;</string>
		</dict>
		<key>F496FA191C0F56D400639A26</key>
		<dict>
			<key>buildActionMask</key>
			<string>2147483647</string>
			<key>files</key>
			<array>
				<string>F496FA221C0F56D400639A26</string>
			</array>
			<key>isa</key>
			<string>PBXSourcesBuildPhase</string>
			<key>runOnlyForDeploymentPostprocessing</key>
			<string>0</string>
		</dict>
		<key>F496FA1A1C0F56D400639A26</key>
		<dict>
			<key>buildActionMask</key>
			<string>2147483647</string>
			<key>files</key>
			<array/>
			<key>isa</key>
			<string>PBXFrameworksBuildPhase</string>
			<key>runOnlyForDeploymentPostprocessing</key>
			<string>0</string>
		</dict>
		<key>F496FA1B1C0F56D400639A26</key>
		<dict>
			<key>buildActionMask</key>
			<string>2147483647</string>
			<key>files</key>
			<array/>
			<key>isa</key>
			<string>PBXResourcesBuildPhase</string>
			<key>runOnlyForDeploymentPostprocessing</key>
			<string>0</string>
		</dict>
		<key>F496FA1C1C0F56D400639A26</key>
		<dict>
			<key>buildConfigurationList</key>
			<string>F496FA341C0F56D400639A26</string>
			<key>buildPhases</key>
			<array>
				<string>F496FA191C0F56D400639A26</string>
				<string>F496FA1A1C0F56D400639A26</string>
				<string>F496FA1B1C0F56D400639A26</string>
			</array>
			<key>buildRules</key>
			<array/>
			<key>dependencies</key>
			<array>
				<string>F496FA1F1C0F56D400639A26</string>
			</array>
			<key>isa</key>
			<string>PBXNativeTarget</string>
			<key>name</key>
			<string>TaviTests</string>
			<key>productName</key>
			<string>TravisCITests</string>
			<key>productReference</key>
			<string>F496FA1D1C0F56D400639A26</string>
			<key>productType</key>
			<string>com.apple.product-type.bundle.unit-test</string>
		</dict>
		<key>F496FA1D1C0F56D400639A26</key>
		<dict>
			<key>explicitFileType</key>
			<string>wrapper.cfbundle</string>
			<key>includeInIndex</key>
			<string>0</string>
			<key>isa</key>
			<string>PBXFileReference</string>
			<key>path</key>
			<string>TaviTests.xctest</string>
			<key>sourceTree</key>
			<string>BUILT_PRODUCTS_DIR</string>
		</dict>
		<key>F496FA1E1C0F56D400639A26</key>
		<dict>
			<key>containerPortal</key>
			<string>F496F9FF1C0F56D400639A26</string>
			<key>isa</key>
			<string>PBXContainerItemProxy</string>
			<key>proxyType</key>
			<string>1</string>
			<key>remoteGlobalIDString</key>
			<string>F496FA061C0F56D400639A26</string>
			<key>remoteInfo</key>
			<string>TravisCI</string>
		</dict>
		<key>F496FA1F1C0F56D400639A26</key>
		<dict>
			<key>isa</key>
			<string>PBXTargetDependency</string>
			<key>target</key>
			<string>F496FA061C0F56D400639A26</string>
			<key>targetProxy</key>
			<string>F496FA1E1C0F56D400639A26</string>
		</dict>
		<key>F496FA201C0F56D400639A26</key>
		<dict>
			<key>children</key>
			<array>
				<string>F496FA231C0F56D400639A26</string>
				<string>F496FA211C0F56D400639A26</string>
			</array>
			<key>isa</key>
			<string>PBXGroup</string>
			<key>path</key>
			<string>TaviTests</string>
			<key>sourceTree</key>
			<string>&lt;group&gt;</string>
		</dict>
		<key>F496FA211C0F56D400639A26</key>
		<dict>
			<key>isa</key>
			<string>PBXFileReference</string>
			<key>lastKnownFileType</key>
			<string>sourcecode.swift</string>
			<key>path</key>
			<string>TravisCITests.swift</string>
			<key>sourceTree</key>
			<string>&lt;group&gt;</string>
		</dict>
		<key>F496FA221C0F56D400639A26</key>
		<dict>
			<key>fileRef</key>
			<string>F496FA211C0F56D400639A26</string>
			<key>isa</key>
			<string>PBXBuildFile</string>
		</dict>
		<key>F496FA231C0F56D400639A26</key>
		<dict>
			<key>isa</key>
			<string>PBXFileReference</string>
			<key>lastKnownFileType</key>
			<string>text.plist.xml</string>
			<key>path</key>
			<string>Info.plist</string>
			<key>sourceTree</key>
			<string>&lt;group&gt;</string>
		</dict>
		<key>F496FA241C0F56D400639A26</key>
		<dict>
			<key>buildActionMask</key>
			<string>2147483647</string>
			<key>files</key>
			<array>
				<string>F496FA2D1C0F56D400639A26</string>
			</array>
			<key>isa</key>
			<string>PBXSourcesBuildPhase</string>
			<key>runOnlyForDeploymentPostprocessing</key>
			<string>0</string>
		</dict>
		<key>F496FA251C0F56D400639A26</key>
		<dict>
			<key>buildActionMask</key>
			<string>2147483647</string>
			<key>files</key>
			<array/>
			<key>isa</key>
			<string>PBXFrameworksBuildPhase</string>
			<key>runOnlyForDeploymentPostprocessing</key>
			<string>0</string>
		</dict>
		<key>F496FA261C0F56D400639A26</key>
		<dict>
			<key>buildActionMask</key>
			<string>2147483647</string>
			<key>files</key>
			<array/>
			<key>isa</key>
			<string>PBXResourcesBuildPhase</string>
			<key>runOnlyForDeploymentPostprocessing</key>
			<string>0</string>
		</dict>
		<key>F496FA271C0F56D400639A26</key>
		<dict>
			<key>buildConfigurationList</key>
			<string>F496FA371C0F56D400639A26</string>
			<key>buildPhases</key>
			<array>
				<string>F496FA241C0F56D400639A26</string>
				<string>F496FA251C0F56D400639A26</string>
				<string>F496FA261C0F56D400639A26</string>
			</array>
			<key>buildRules</key>
			<array/>
			<key>dependencies</key>
			<array>
				<string>F496FA2A1C0F56D400639A26</string>
			</array>
			<key>isa</key>
			<string>PBXNativeTarget</string>
			<key>name</key>
			<string>TaviUITests</string>
			<key>productName</key>
			<string>TravisCIUITests</string>
			<key>productReference</key>
			<string>F496FA281C0F56D400639A26</string>
			<key>productType</key>
			<string>com.apple.product-type.bundle.ui-testing</string>
		</dict>
		<key>F496FA281C0F56D400639A26</key>
		<dict>
			<key>explicitFileType</key>
			<string>wrapper.cfbundle</string>
			<key>includeInIndex</key>
			<string>0</string>
			<key>isa</key>
			<string>PBXFileReference</string>
			<key>path</key>
			<string>TaviUITests.xctest</string>
			<key>sourceTree</key>
			<string>BUILT_PRODUCTS_DIR</string>
		</dict>
		<key>F496FA291C0F56D400639A26</key>
		<dict>
			<key>containerPortal</key>
			<string>F496F9FF1C0F56D400639A26</string>
			<key>isa</key>
			<string>PBXContainerItemProxy</string>
			<key>proxyType</key>
			<string>1</string>
			<key>remoteGlobalIDString</key>
			<string>F496FA061C0F56D400639A26</string>
			<key>remoteInfo</key>
			<string>TravisCI</string>
		</dict>
		<key>F496FA2A1C0F56D400639A26</key>
		<dict>
			<key>isa</key>
			<string>PBXTargetDependency</string>
			<key>target</key>
			<string>F496FA061C0F56D400639A26</string>
			<key>targetProxy</key>
			<string>F496FA291C0F56D400639A26</string>
		</dict>
		<key>F496FA2B1C0F56D400639A26</key>
		<dict>
			<key>children</key>
			<array>
				<string>F496FA2E1C0F56D400639A26</string>
				<string>F496FA2C1C0F56D400639A26</string>
			</array>
			<key>isa</key>
			<string>PBXGroup</string>
			<key>path</key>
			<string>TaviUITests</string>
			<key>sourceTree</key>
			<string>&lt;group&gt;</string>
		</dict>
		<key>F496FA2C1C0F56D400639A26</key>
		<dict>
			<key>isa</key>
			<string>PBXFileReference</string>
			<key>lastKnownFileType</key>
			<string>sourcecode.swift</string>
			<key>path</key>
			<string>TravisCIUITests.swift</string>
			<key>sourceTree</key>
			<string>&lt;group&gt;</string>
		</dict>
		<key>F496FA2D1C0F56D400639A26</key>
		<dict>
			<key>fileRef</key>
			<string>F496FA2C1C0F56D400639A26</string>
			<key>isa</key>
			<string>PBXBuildFile</string>
		</dict>
		<key>F496FA2E1C0F56D400639A26</key>
		<dict>
			<key>isa</key>
			<string>PBXFileReference</string>
			<key>lastKnownFileType</key>
			<string>text.plist.xml</string>
			<key>path</key>
			<string>Info.plist</string>
			<key>sourceTree</key>
			<string>&lt;group&gt;</string>
		</dict>
		<key>F496FA2F1C0F56D400639A26</key>
		<dict>
			<key>buildSettings</key>
			<dict>
				<key>ALWAYS_SEARCH_USER_PATHS</key>
				<string>NO</string>
				<key>CLANG_CXX_LANGUAGE_STANDARD</key>
				<string>gnu++0x</string>
				<key>CLANG_CXX_LIBRARY</key>
				<string>libc++</string>
				<key>CLANG_ENABLE_MODULES</key>
				<string>YES</string>
				<key>CLANG_ENABLE_OBJC_ARC</key>
				<string>YES</string>
				<key>CLANG_WARN_BOOL_CONVERSION</key>
				<string>YES</string>
				<key>CLANG_WARN_CONSTANT_CONVERSION</key>
				<string>YES</string>
				<key>CLANG_WARN_DIRECT_OBJC_ISA_USAGE</key>
				<string>YES_ERROR</string>
				<key>CLANG_WARN_EMPTY_BODY</key>
				<string>YES</string>
				<key>CLANG_WARN_ENUM_CONVERSION</key>
				<string>YES</string>
				<key>CLANG_WARN_INT_CONVERSION</key>
				<string>YES</string>
				<key>CLANG_WARN_OBJC_ROOT_CLASS</key>
				<string>YES_ERROR</string>
				<key>CLANG_WARN_UNREACHABLE_CODE</key>
				<string>YES</string>
				<key>CLANG_WARN__DUPLICATE_METHOD_MATCH</key>
				<string>YES</string>
				<key>CODE_SIGN_IDENTITY[sdk=iphoneos*]</key>
				<string>iPhone Developer</string>
				<key>COPY_PHASE_STRIP</key>
				<string>NO</string>
				<key>DEBUG_INFORMATION_FORMAT</key>
				<string>dwarf</string>
				<key>ENABLE_STRICT_OBJC_MSGSEND</key>
				<string>YES</string>
				<key>ENABLE_TESTABILITY</key>
				<string>YES</string>
				<key>GCC_C_LANGUAGE_STANDARD</key>
				<string>gnu99</string>
				<key>GCC_DYNAMIC_NO_PIC</key>
				<string>NO</string>
				<key>GCC_NO_COMMON_BLOCKS</key>
				<string>YES</string>
				<key>GCC_OPTIMIZATION_LEVEL</key>
				<string>0</string>
				<key>GCC_PREPROCESSOR_DEFINITIONS</key>
				<array>
					<string>DEBUG=1</string>
					<string>$(inherited)</string>
				</array>
				<key>GCC_WARN_64_TO_32_BIT_CONVERSION</key>
				<string>YES</string>
				<key>GCC_WARN_ABOUT_RETURN_TYPE</key>
				<string>YES_ERROR</string>
				<key>GCC_WARN_UNDECLARED_SELECTOR</key>
				<string>YES</string>
				<key>GCC_WARN_UNINITIALIZED_AUTOS</key>
				<string>YES_AGGRESSIVE</string>
				<key>GCC_WARN_UNUSED_FUNCTION</key>
				<string>YES</string>
				<key>GCC_WARN_UNUSED_VARIABLE</key>
				<string>YES</string>
				<key>IPHONEOS_DEPLOYMENT_TARGET</key>
				<string>9.1</string>
				<key>MTL_ENABLE_DEBUG_INFO</key>
				<string>YES</string>
				<key>ONLY_ACTIVE_ARCH</key>
				<string>YES</string>
				<key>SDKROOT</key>
				<string>iphoneos</string>
				<key>SWIFT_OPTIMIZATION_LEVEL</key>
				<string>-Onone</string>
			</dict>
			<key>isa</key>
			<string>XCBuildConfiguration</string>
			<key>name</key>
			<string>Debug</string>
		</dict>
		<key>F496FA301C0F56D400639A26</key>
		<dict>
			<key>buildSettings</key>
			<dict>
				<key>ALWAYS_SEARCH_USER_PATHS</key>
				<string>NO</string>
				<key>CLANG_CXX_LANGUAGE_STANDARD</key>
				<string>gnu++0x</string>
				<key>CLANG_CXX_LIBRARY</key>
				<string>libc++</string>
				<key>CLANG_ENABLE_MODULES</key>
				<string>YES</string>
				<key>CLANG_ENABLE_OBJC_ARC</key>
				<string>YES</string>
				<key>CLANG_WARN_BOOL_CONVERSION</key>
				<string>YES</string>
				<key>CLANG_WARN_CONSTANT_CONVERSION</key>
				<string>YES</string>
				<key>CLANG_WARN_DIRECT_OBJC_ISA_USAGE</key>
				<string>YES_ERROR</string>
				<key>CLANG_WARN_EMPTY_BODY</key>
				<string>YES</string>
				<key>CLANG_WARN_ENUM_CONVERSION</key>
				<string>YES</string>
				<key>CLANG_WARN_INT_CONVERSION</key>
				<string>YES</string>
				<key>CLANG_WARN_OBJC_ROOT_CLASS</key>
				<string>YES_ERROR</string>
				<key>CLANG_WARN_UNREACHABLE_CODE</key>
				<string>YES</string>
				<key>CLANG_WARN__DUPLICATE_METHOD_MATCH</key>
				<string>YES</string>
				<key>CODE_SIGN_IDENTITY[sdk=iphoneos*]</key>
				<string>iPhone Developer</string>
				<key>COPY_PHASE_STRIP</key>
				<string>NO</string>
				<key>DEBUG_INFORMATION_FORMAT</key>
				<string>dwarf-with-dsym</string>
				<key>ENABLE_NS_ASSERTIONS</key>
				<string>NO</string>
				<key>ENABLE_STRICT_OBJC_MSGSEND</key>
				<string>YES</string>
				<key>GCC_C_LANGUAGE_STANDARD</key>
				<string>gnu99</string>
				<key>GCC_NO_COMMON_BLOCKS</key>
				<string>YES</string>
				<key>GCC_WARN_64_TO_32_BIT_CONVERSION</key>
				<string>YES</string>
				<key>GCC_WARN_ABOUT_RETURN_TYPE</key>
				<string>YES_ERROR</string>
				<key>GCC_WARN_UNDECLARED_SELECTOR</key>
				<string>YES</string>
				<key>GCC_WARN_UNINITIALIZED_AUTOS</key>
				<string>YES_AGGRESSIVE</string>
				<key>GCC_WARN_UNUSED_FUNCTION</key>
				<string>YES</string>
				<key>GCC_WARN_UNUSED_VARIABLE</key>
				<string>YES</string>
				<key>IPHONEOS_DEPLOYMENT_TARGET</key>
				<string>9.1</string>
				<key>MTL_ENABLE_DEBUG_INFO</key>
				<string>NO</string>
				<key>SDKROOT</key>
				<string>iphoneos</string>
				<key>VALIDATE_PRODUCT</key>
				<string>YES</string>
			</dict>
			<key>isa</key>
			<string>XCBuildConfiguration</string>
			<key>name</key>
			<string>Release</string>
		</dict>
		<key>F496FA311C0F56D400639A26</key>
		<dict>
			<key>buildConfigurations</key>
			<array>
				<string>F496FA321C0F56D400639A26</string>
				<string>F496FA331C0F56D400639A26</string>
			</array>
			<key>defaultConfigurationIsVisible</key>
			<string>0</string>
			<key>defaultConfigurationName</key>
			<string>Release</string>
			<key>isa</key>
			<string>XCConfigurationList</string>
		</dict>
		<key>F496FA321C0F56D400639A26</key>
		<dict>
			<key>baseConfigurationReference</key>
			<string>CA475218073B3A83FA5CCFD4</string>
			<key>buildSettings</key>
			<dict>
				<key>ASSETCATALOG_COMPILER_APPICON_NAME</key>
				<string>AppIcon</string>
				<key>CLANG_ENABLE_MODULES</key>
				<string>YES</string>
				<key>CODE_SIGN_IDENTITY</key>
				<string>iPhone Developer</string>
				<key>CODE_SIGN_IDENTITY[sdk=iphoneos*]</key>
				<string>iPhone Developer</string>
				<key>FRAMEWORK_SEARCH_PATHS</key>
				<array>
					<string>$(inherited)</string>
					<string>$(PROJECT_DIR)</string>
				</array>
				<key>INFOPLIST_FILE</key>
				<string>Tavi/Info.plist</string>
				<key>IPHONEOS_DEPLOYMENT_TARGET</key>
				<string>9.2</string>
				<key>LD_RUNPATH_SEARCH_PATHS</key>
				<string>$(inherited) @executable_path/Frameworks</string>
				<key>LIBRARY_SEARCH_PATHS</key>
				<array>
					<string>$(inherited)</string>
					<string>$(PROJECT_DIR)/Tavi</string>
				</array>
				<key>OTHER_LDFLAGS</key>
				<string>$(inherited)</string>
				<key>OTHER_SWIFT_FLAGS</key>
				<string>-D DEBUG $(inherited)</string>
				<key>PRODUCT_BUNDLE_IDENTIFIER</key>
				<string>thislooksfun.Tavi</string>
				<key>PRODUCT_NAME</key>
				<string>Tavi</string>
				<key>PROVISIONING_PROFILE</key>
				<string></string>
				<key>SDKROOT</key>
				<string>iphoneos</string>
				<key>SWIFT_INSTALL_OBJC_HEADER</key>
				<string>YES</string>
				<key>SWIFT_OBJC_BRIDGING_HEADER</key>
				<string>Tavi/ObjC/Tavi-Bridging-Header.h</string>
				<key>SWIFT_OPTIMIZATION_LEVEL</key>
				<string>-Onone</string>
			</dict>
			<key>isa</key>
			<string>XCBuildConfiguration</string>
			<key>name</key>
			<string>Debug</string>
		</dict>
		<key>F496FA331C0F56D400639A26</key>
		<dict>
			<key>baseConfigurationReference</key>
			<string>75C02D5B50C4405F868BE4AA</string>
			<key>buildSettings</key>
			<dict>
				<key>ASSETCATALOG_COMPILER_APPICON_NAME</key>
				<string>AppIcon</string>
				<key>CLANG_ENABLE_MODULES</key>
				<string>YES</string>
				<key>CODE_SIGN_IDENTITY</key>
				<string>iPhone Developer</string>
				<key>CODE_SIGN_IDENTITY[sdk=iphoneos*]</key>
				<string>iPhone Developer</string>
				<key>FRAMEWORK_SEARCH_PATHS</key>
				<array>
					<string>$(inherited)</string>
					<string>$(PROJECT_DIR)</string>
				</array>
				<key>INFOPLIST_FILE</key>
				<string>Tavi/Info.plist</string>
				<key>IPHONEOS_DEPLOYMENT_TARGET</key>
				<string>9.2</string>
				<key>LD_RUNPATH_SEARCH_PATHS</key>
				<string>$(inherited) @executable_path/Frameworks</string>
				<key>LIBRARY_SEARCH_PATHS</key>
				<array>
					<string>$(inherited)</string>
					<string>$(PROJECT_DIR)/Tavi</string>
				</array>
				<key>OTHER_LDFLAGS</key>
				<string>$(inherited)</string>
				<key>OTHER_SWIFT_FLAGS</key>
				<string>-D RELEASE $(inherited)</string>
				<key>PRODUCT_BUNDLE_IDENTIFIER</key>
				<string>thislooksfun.Tavi</string>
				<key>PRODUCT_NAME</key>
				<string>Tavi</string>
				<key>PROVISIONING_PROFILE</key>
				<string></string>
				<key>SDKROOT</key>
				<string>iphoneos</string>
				<key>SWIFT_INSTALL_OBJC_HEADER</key>
				<string>YES</string>
				<key>SWIFT_OBJC_BRIDGING_HEADER</key>
				<string>Tavi/ObjC/Tavi-Bridging-Header.h</string>
			</dict>
			<key>isa</key>
			<string>XCBuildConfiguration</string>
			<key>name</key>
			<string>Release</string>
		</dict>
		<key>F496FA341C0F56D400639A26</key>
		<dict>
			<key>buildConfigurations</key>
			<array>
				<string>F496FA351C0F56D400639A26</string>
				<string>F496FA361C0F56D400639A26</string>
			</array>
			<key>defaultConfigurationIsVisible</key>
			<string>0</string>
			<key>defaultConfigurationName</key>
			<string>Release</string>
			<key>isa</key>
			<string>XCConfigurationList</string>
		</dict>
		<key>F496FA351C0F56D400639A26</key>
		<dict>
			<key>buildSettings</key>
			<dict>
				<key>BUNDLE_LOADER</key>
				<string>$(TEST_HOST)</string>
				<key>INFOPLIST_FILE</key>
				<string>TaviTests/Info.plist</string>
				<key>IPHONEOS_DEPLOYMENT_TARGET</key>
				<string>9.2</string>
				<key>LD_RUNPATH_SEARCH_PATHS</key>
				<string>$(inherited) @executable_path/Frameworks @loader_path/Frameworks</string>
				<key>PRODUCT_BUNDLE_IDENTIFIER</key>
				<string>thislooksfun.TaviTests</string>
				<key>PRODUCT_NAME</key>
				<string>TaviTests</string>
				<key>TEST_HOST</key>
				<string>$(BUILT_PRODUCTS_DIR)/Tavi.app/Tavi</string>
			</dict>
			<key>isa</key>
			<string>XCBuildConfiguration</string>
			<key>name</key>
			<string>Debug</string>
		</dict>
		<key>F496FA361C0F56D400639A26</key>
		<dict>
			<key>buildSettings</key>
			<dict>
				<key>BUNDLE_LOADER</key>
				<string>$(TEST_HOST)</string>
				<key>INFOPLIST_FILE</key>
				<string>TaviTests/Info.plist</string>
				<key>IPHONEOS_DEPLOYMENT_TARGET</key>
				<string>9.2</string>
				<key>LD_RUNPATH_SEARCH_PATHS</key>
				<string>$(inherited) @executable_path/Frameworks @loader_path/Frameworks</string>
				<key>PRODUCT_BUNDLE_IDENTIFIER</key>
				<string>thislooksfun.TaviTests</string>
				<key>PRODUCT_NAME</key>
				<string>TaviTests</string>
				<key>TEST_HOST</key>
				<string>$(BUILT_PRODUCTS_DIR)/Tavi.app/Tavi</string>
			</dict>
			<key>isa</key>
			<string>XCBuildConfiguration</string>
			<key>name</key>
			<string>Release</string>
		</dict>
		<key>F496FA371C0F56D400639A26</key>
		<dict>
			<key>buildConfigurations</key>
			<array>
				<string>F496FA381C0F56D400639A26</string>
				<string>F496FA391C0F56D400639A26</string>
			</array>
			<key>defaultConfigurationIsVisible</key>
			<string>0</string>
			<key>defaultConfigurationName</key>
			<string>Release</string>
			<key>isa</key>
			<string>XCConfigurationList</string>
		</dict>
		<key>F496FA381C0F56D400639A26</key>
		<dict>
			<key>buildSettings</key>
			<dict>
				<key>INFOPLIST_FILE</key>
				<string>TaviUITests/Info.plist</string>
				<key>IPHONEOS_DEPLOYMENT_TARGET</key>
				<string>9.2</string>
				<key>LD_RUNPATH_SEARCH_PATHS</key>
				<string>$(inherited) @executable_path/Frameworks @loader_path/Frameworks</string>
				<key>PRODUCT_BUNDLE_IDENTIFIER</key>
				<string>thislooksfun.TaviUITests</string>
				<key>PRODUCT_NAME</key>
				<string>TaviUITests</string>
				<key>SDKROOT</key>
				<string>iphoneos</string>
				<key>SUPPORTED_PLATFORMS</key>
				<string>iphonesimulator iphoneos</string>
				<key>TEST_TARGET_NAME</key>
				<string>Tavi</string>
				<key>USES_XCTRUNNER</key>
				<string>YES</string>
			</dict>
			<key>isa</key>
			<string>XCBuildConfiguration</string>
			<key>name</key>
			<string>Debug</string>
		</dict>
		<key>F496FA391C0F56D400639A26</key>
		<dict>
			<key>buildSettings</key>
			<dict>
				<key>INFOPLIST_FILE</key>
				<string>TaviUITests/Info.plist</string>
				<key>IPHONEOS_DEPLOYMENT_TARGET</key>
				<string>9.2</string>
				<key>LD_RUNPATH_SEARCH_PATHS</key>
				<string>$(inherited) @executable_path/Frameworks @loader_path/Frameworks</string>
				<key>PRODUCT_BUNDLE_IDENTIFIER</key>
				<string>thislooksfun.TaviUITests</string>
				<key>PRODUCT_NAME</key>
				<string>TaviUITests</string>
				<key>SDKROOT</key>
				<string>iphoneos</string>
				<key>SUPPORTED_PLATFORMS</key>
				<string>iphonesimulator iphoneos</string>
				<key>TEST_TARGET_NAME</key>
				<string>Tavi</string>
				<key>USES_XCTRUNNER</key>
				<string>YES</string>
			</dict>
			<key>isa</key>
			<string>XCBuildConfiguration</string>
			<key>name</key>
			<string>Release</string>
		</dict>
		<key>F49728361C98AB6C00D1A738</key>
		<dict>
			<key>children</key>
			<array>
				<string>F49728371C98AB8C00D1A738</string>
			</array>
			<key>isa</key>
			<string>PBXGroup</string>
			<key>path</key>
			<string>Notifications</string>
			<key>sourceTree</key>
			<string>&lt;group&gt;</string>
		</dict>
		<key>F49728371C98AB8C00D1A738</key>
		<dict>
			<key>fileEncoding</key>
			<string>4</string>
			<key>isa</key>
			<string>PBXFileReference</string>
			<key>lastKnownFileType</key>
			<string>sourcecode.swift</string>
			<key>path</key>
			<string>NotificationController.swift</string>
			<key>sourceTree</key>
			<string>&lt;group&gt;</string>
		</dict>
		<key>F49728381C98AB8C00D1A738</key>
		<dict>
			<key>fileRef</key>
			<string>F49728371C98AB8C00D1A738</string>
			<key>isa</key>
			<string>PBXBuildFile</string>
		</dict>
		<key>F49AAA1F1CD3BA6A0009C1B4</key>
		<dict>
			<key>fileEncoding</key>
			<string>4</string>
			<key>isa</key>
			<string>PBXFileReference</string>
			<key>lastKnownFileType</key>
			<string>sourcecode.swift</string>
			<key>path</key>
			<string>Errors.swift</string>
			<key>sourceTree</key>
			<string>&lt;group&gt;</string>
		</dict>
		<key>F49AAA201CD3BA6A0009C1B4</key>
		<dict>
			<key>fileRef</key>
			<string>F49AAA1F1CD3BA6A0009C1B4</string>
			<key>isa</key>
			<string>PBXBuildFile</string>
		</dict>
		<key>F4B00B4C1C13FCC6008DA9EE</key>
		<dict>
			<key>children</key>
			<array>
				<string>F496FA0C1C0F56D400639A26</string>
				<string>F4C12B021C13ECA0003DB1D6</string>
			</array>
			<key>isa</key>
			<string>PBXGroup</string>
			<key>path</key>
			<string>Master</string>
			<key>sourceTree</key>
			<string>&lt;group&gt;</string>
		</dict>
		<key>F4B00B4D1C13FCCB008DA9EE</key>
		<dict>
			<key>children</key>
			<array>
				<string>F474F47A1C0F72E700F1CEDC</string>
				<string>F496FA0E1C0F56D400639A26</string>
			</array>
			<key>isa</key>
			<string>PBXGroup</string>
			<key>path</key>
			<string>Detail</string>
			<key>sourceTree</key>
			<string>&lt;group&gt;</string>
		</dict>
		<key>F4B00B4E1C1407E9008DA9EE</key>
		<dict>
			<key>fileEncoding</key>
			<string>4</string>
			<key>isa</key>
			<string>PBXFileReference</string>
			<key>lastKnownFileType</key>
			<string>sourcecode.swift</string>
			<key>path</key>
			<string>TravisRepo.swift</string>
			<key>sourceTree</key>
			<string>&lt;group&gt;</string>
		</dict>
		<key>F4B00B4F1C1407E9008DA9EE</key>
		<dict>
			<key>fileRef</key>
			<string>F4B00B4E1C1407E9008DA9EE</string>
			<key>isa</key>
			<string>PBXBuildFile</string>
		</dict>
		<key>F4B00B501C1409EC008DA9EE</key>
		<dict>
			<key>fileEncoding</key>
			<string>4</string>
			<key>isa</key>
			<string>PBXFileReference</string>
			<key>lastKnownFileType</key>
			<string>sourcecode.swift</string>
			<key>path</key>
			<string>TravisBuild.swift</string>
			<key>sourceTree</key>
			<string>&lt;group&gt;</string>
		</dict>
		<key>F4B00B511C1409EC008DA9EE</key>
		<dict>
			<key>fileRef</key>
			<string>F4B00B501C1409EC008DA9EE</string>
			<key>isa</key>
			<string>PBXBuildFile</string>
		</dict>
		<key>F4B00B591C14F6E1008DA9EE</key>
		<dict>
			<key>fileEncoding</key>
			<string>4</string>
			<key>isa</key>
			<string>PBXFileReference</string>
			<key>lastKnownFileType</key>
			<string>sourcecode.swift</string>
			<key>path</key>
			<string>MenuController.swift</string>
			<key>sourceTree</key>
			<string>&lt;group&gt;</string>
		</dict>
		<key>F4B00B5A1C14F6E1008DA9EE</key>
		<dict>
			<key>fileRef</key>
			<string>F4B00B591C14F6E1008DA9EE</string>
			<key>isa</key>
			<string>PBXBuildFile</string>
		</dict>
		<key>F4C12B021C13ECA0003DB1D6</key>
		<dict>
			<key>fileEncoding</key>
			<string>4</string>
			<key>isa</key>
			<string>PBXFileReference</string>
			<key>lastKnownFileType</key>
			<string>sourcecode.swift</string>
			<key>path</key>
			<string>RepoCell.swift</string>
			<key>sourceTree</key>
			<string>&lt;group&gt;</string>
		</dict>
		<key>F4C12B031C13ECA0003DB1D6</key>
		<dict>
			<key>fileRef</key>
			<string>F4C12B021C13ECA0003DB1D6</string>
			<key>isa</key>
			<string>PBXBuildFile</string>
		</dict>
		<key>F4EA57921C5C3087004E92C3</key>
		<dict>
			<key>fileEncoding</key>
			<string>4</string>
			<key>isa</key>
			<string>PBXFileReference</string>
			<key>lastKnownFileType</key>
			<string>file.storyboard</string>
			<key>path</key>
			<string>Login.storyboard</string>
			<key>sourceTree</key>
			<string>&lt;group&gt;</string>
		</dict>
		<key>F4EA57931C5C3087004E92C3</key>
		<dict>
			<key>fileRef</key>
			<string>F4EA57921C5C3087004E92C3</string>
			<key>isa</key>
			<string>PBXBuildFile</string>
		</dict>
		<key>F4EA57941C5C372D004E92C3</key>
		<dict>
			<key>children</key>
			<array>
				<string>F4EA57991C5C3ED9004E92C3</string>
			</array>
			<key>isa</key>
			<string>PBXGroup</string>
			<key>path</key>
			<string>Login</string>
			<key>sourceTree</key>
			<string>&lt;group&gt;</string>
		</dict>
		<key>F4EA57971C5C399F004E92C3</key>
		<dict>
			<key>fileEncoding</key>
			<string>4</string>
			<key>isa</key>
			<string>PBXFileReference</string>
			<key>lastKnownFileType</key>
			<string>sourcecode.swift</string>
			<key>path</key>
			<string>OrientationRespectfulNavController.swift</string>
			<key>sourceTree</key>
			<string>&lt;group&gt;</string>
		</dict>
		<key>F4EA57981C5C399F004E92C3</key>
		<dict>
			<key>fileRef</key>
			<string>F4EA57971C5C399F004E92C3</string>
			<key>isa</key>
			<string>PBXBuildFile</string>
		</dict>
		<key>F4EA57991C5C3ED9004E92C3</key>
		<dict>
			<key>fileEncoding</key>
			<string>4</string>
			<key>isa</key>
			<string>PBXFileReference</string>
			<key>lastKnownFileType</key>
			<string>sourcecode.swift</string>
			<key>path</key>
			<string>LoginController.swift</string>
			<key>sourceTree</key>
			<string>&lt;group&gt;</string>
		</dict>
		<key>F4EA579A1C5C3ED9004E92C3</key>
		<dict>
			<key>fileRef</key>
			<string>F4EA57991C5C3ED9004E92C3</string>
			<key>isa</key>
			<string>PBXBuildFile</string>
		</dict>
		<key>F4F328661C6AB1E600C2E6D3</key>
		<dict>
			<key>fileEncoding</key>
			<string>4</string>
			<key>isa</key>
			<string>PBXFileReference</string>
			<key>lastKnownFileType</key>
			<string>sourcecode.swift</string>
			<key>path</key>
			<string>KeyboardNotification.swift</string>
			<key>sourceTree</key>
			<string>&lt;group&gt;</string>
		</dict>
		<key>F4F328671C6AB1E600C2E6D3</key>
		<dict>
			<key>fileRef</key>
			<string>F4F328661C6AB1E600C2E6D3</string>
			<key>isa</key>
			<string>PBXBuildFile</string>
		</dict>
		<key>F4FF98891CB2C5D300F019A5</key>
		<dict>
			<key>fileEncoding</key>
			<string>4</string>
			<key>isa</key>
			<string>PBXFileReference</string>
			<key>lastKnownFileType</key>
			<string>sourcecode.swift</string>
			<key>path</key>
			<string>TravisBuildLog.swift</string>
			<key>sourceTree</key>
			<string>&lt;group&gt;</string>
		</dict>
		<key>F4FF988A1CB2C5D300F019A5</key>
		<dict>
			<key>fileRef</key>
			<string>F4FF98891CB2C5D300F019A5</string>
			<key>isa</key>
			<string>PBXBuildFile</string>
		</dict>
		<key>F4FF988B1CB40FBF00F019A5</key>
		<dict>
			<key>fileEncoding</key>
			<string>4</string>
			<key>isa</key>
			<string>PBXFileReference</string>
			<key>lastKnownFileType</key>
			<string>sourcecode.swift</string>
			<key>path</key>
			<string>ANSIParse.swift</string>
			<key>sourceTree</key>
			<string>&lt;group&gt;</string>
		</dict>
		<key>F4FF988C1CB40FBF00F019A5</key>
		<dict>
			<key>fileRef</key>
			<string>F4FF988B1CB40FBF00F019A5</string>
			<key>isa</key>
			<string>PBXBuildFile</string>
		</dict>
		<key>FE5C4CCD1986A31769507819</key>
		<dict>
			<key>children</key>
			<array>
				<string>76CA1C45A7E97CB75ED5573B</string>
			</array>
			<key>isa</key>
			<string>PBXGroup</string>
			<key>name</key>
			<string>Frameworks</string>
			<key>sourceTree</key>
			<string>&lt;group&gt;</string>
		</dict>
	</dict>
	<key>rootObject</key>
	<string>F496F9FF1C0F56D400639A26</string>
</dict>
</plist>
